
Microsoft Visual Studio Solution File, Format Version 12.00
# Visual Studio Version 17
VisualStudioVersion = 17.0.31410.414
MinimumVisualStudioVersion = 10.0.40219.1
Project("{9A19103F-16F7-4668-BE54-9A1E7A4F7556}") = "Andy.X.App", "src\Andy.X.App\Andy.X.App.csproj", "{E7426FD5-50C5-4C82-8B9D-8EDD6F821400}"
EndProject
Project("{9A19103F-16F7-4668-BE54-9A1E7A4F7556}") = "Andy.X.Model", "src\Andy.X.Model\Andy.X.Model.csproj", "{A494052B-94F6-4378-8961-3EB3ABE19D33}"
EndProject
Project("{9A19103F-16F7-4668-BE54-9A1E7A4F7556}") = "Andy.X.Core", "src\Andy.X.Core\Andy.X.Core.csproj", "{3575E1F7-F1D5-488C-AD8F-10C50EA0F0CF}"
EndProject
Project("{9A19103F-16F7-4668-BE54-9A1E7A4F7556}") = "Andy.X.IO", "src\Andy.X.IO\Andy.X.IO.csproj", "{5D9A3CA9-B85F-4E99-9E43-4EE7D1204AA3}"
EndProject
Project("{9A19103F-16F7-4668-BE54-9A1E7A4F7556}") = "Andy.X.Router", "src\Andy.X.Router\Andy.X.Router.csproj", "{4B157A18-B837-420E-BE2D-5D3E505A7E84}"
EndProject
Project("{9A19103F-16F7-4668-BE54-9A1E7A4F7556}") = "Andy.X.Utility", "src\Andy.X.Utility\Andy.X.Utility.csproj", "{85BA05D4-701E-434C-97DC-89589AF97003}"
EndProject
Project("{9A19103F-16F7-4668-BE54-9A1E7A4F7556}") = "Andy.X.Cluster.Synchronizer", "src\Andy.X.Cluster.Synchronizer\Andy.X.Cluster.Synchronizer.csproj", "{19EECD46-D6A1-49F1-A964-EF606661859E}"
EndProject
Project("{2150E333-8FDC-42A3-9474-1A3956D46DE8}") = "Synchronizers", "Synchronizers", "{EBDF7496-FB69-448D-A893-C97B1C5D916B}"
EndProject
Project("{9A19103F-16F7-4668-BE54-9A1E7A4F7556}") = "Andy.X.Storage.Synchronizer", "src\Andy.X.Storage.Synchronizer\Andy.X.Storage.Synchronizer.csproj", "{9AD024A1-251D-4871-800A-94C590EBD757}"
EndProject
Project("{9A19103F-16F7-4668-BE54-9A1E7A4F7556}") = "Andy.X.Subscription.Synchronizer", "src\Andy.X.Subscription.Synchronizer\Andy.X.Subscription.Synchronizer.csproj", "{954A5EC2-0DCB-480F-A232-52E5311FF70A}"
EndProject
Global
	GlobalSection(SolutionConfigurationPlatforms) = preSolution
		Debug|Any CPU = Debug|Any CPU
		Release|Any CPU = Release|Any CPU
	EndGlobalSection
	GlobalSection(ProjectConfigurationPlatforms) = postSolution
		{E7426FD5-50C5-4C82-8B9D-8EDD6F821400}.Debug|Any CPU.ActiveCfg = Debug|Any CPU
		{E7426FD5-50C5-4C82-8B9D-8EDD6F821400}.Debug|Any CPU.Build.0 = Debug|Any CPU
		{E7426FD5-50C5-4C82-8B9D-8EDD6F821400}.Release|Any CPU.ActiveCfg = Release|Any CPU
		{E7426FD5-50C5-4C82-8B9D-8EDD6F821400}.Release|Any CPU.Build.0 = Release|Any CPU
		{A494052B-94F6-4378-8961-3EB3ABE19D33}.Debug|Any CPU.ActiveCfg = Debug|Any CPU
		{A494052B-94F6-4378-8961-3EB3ABE19D33}.Debug|Any CPU.Build.0 = Debug|Any CPU
		{A494052B-94F6-4378-8961-3EB3ABE19D33}.Release|Any CPU.ActiveCfg = Release|Any CPU
		{A494052B-94F6-4378-8961-3EB3ABE19D33}.Release|Any CPU.Build.0 = Release|Any CPU
		{3575E1F7-F1D5-488C-AD8F-10C50EA0F0CF}.Debug|Any CPU.ActiveCfg = Debug|Any CPU
		{3575E1F7-F1D5-488C-AD8F-10C50EA0F0CF}.Debug|Any CPU.Build.0 = Debug|Any CPU
		{3575E1F7-F1D5-488C-AD8F-10C50EA0F0CF}.Release|Any CPU.ActiveCfg = Release|Any CPU
		{3575E1F7-F1D5-488C-AD8F-10C50EA0F0CF}.Release|Any CPU.Build.0 = Release|Any CPU
		{5D9A3CA9-B85F-4E99-9E43-4EE7D1204AA3}.Debug|Any CPU.ActiveCfg = Debug|Any CPU
		{5D9A3CA9-B85F-4E99-9E43-4EE7D1204AA3}.Debug|Any CPU.Build.0 = Debug|Any CPU
		{5D9A3CA9-B85F-4E99-9E43-4EE7D1204AA3}.Release|Any CPU.ActiveCfg = Release|Any CPU
		{5D9A3CA9-B85F-4E99-9E43-4EE7D1204AA3}.Release|Any CPU.Build.0 = Release|Any CPU
		{4B157A18-B837-420E-BE2D-5D3E505A7E84}.Debug|Any CPU.ActiveCfg = Debug|Any CPU
		{4B157A18-B837-420E-BE2D-5D3E505A7E84}.Debug|Any CPU.Build.0 = Debug|Any CPU
		{4B157A18-B837-420E-BE2D-5D3E505A7E84}.Release|Any CPU.ActiveCfg = Release|Any CPU
		{4B157A18-B837-420E-BE2D-5D3E505A7E84}.Release|Any CPU.Build.0 = Release|Any CPU
		{85BA05D4-701E-434C-97DC-89589AF97003}.Debug|Any CPU.ActiveCfg = Debug|Any CPU
		{85BA05D4-701E-434C-97DC-89589AF97003}.Debug|Any CPU.Build.0 = Debug|Any CPU
		{85BA05D4-701E-434C-97DC-89589AF97003}.Release|Any CPU.ActiveCfg = Release|Any CPU
		{85BA05D4-701E-434C-97DC-89589AF97003}.Release|Any CPU.Build.0 = Release|Any CPU
		{19EECD46-D6A1-49F1-A964-EF606661859E}.Debug|Any CPU.ActiveCfg = Debug|Any CPU
		{19EECD46-D6A1-49F1-A964-EF606661859E}.Debug|Any CPU.Build.0 = Debug|Any CPU
		{19EECD46-D6A1-49F1-A964-EF606661859E}.Release|Any CPU.ActiveCfg = Release|Any CPU
		{19EECD46-D6A1-49F1-A964-EF606661859E}.Release|Any CPU.Build.0 = Release|Any CPU
		{9AD024A1-251D-4871-800A-94C590EBD757}.Debug|Any CPU.ActiveCfg = Debug|Any CPU
		{9AD024A1-251D-4871-800A-94C590EBD757}.Debug|Any CPU.Build.0 = Debug|Any CPU
		{9AD024A1-251D-4871-800A-94C590EBD757}.Release|Any CPU.ActiveCfg = Release|Any CPU
		{9AD024A1-251D-4871-800A-94C590EBD757}.Release|Any CPU.Build.0 = Release|Any CPU
		{954A5EC2-0DCB-480F-A232-52E5311FF70A}.Debug|Any CPU.ActiveCfg = Debug|Any CPU
		{954A5EC2-0DCB-480F-A232-52E5311FF70A}.Debug|Any CPU.Build.0 = Debug|Any CPU
		{954A5EC2-0DCB-480F-A232-52E5311FF70A}.Release|Any CPU.ActiveCfg = Release|Any CPU
		{954A5EC2-0DCB-480F-A232-52E5311FF70A}.Release|Any CPU.Build.0 = Release|Any CPU
	EndGlobalSection
	GlobalSection(SolutionProperties) = preSolution
		HideSolutionNode = FALSE
	EndGlobalSection
	GlobalSection(NestedProjects) = preSolution
		{19EECD46-D6A1-49F1-A964-EF606661859E} = {EBDF7496-FB69-448D-A893-C97B1C5D916B}
		{9AD024A1-251D-4871-800A-94C590EBD757} = {EBDF7496-FB69-448D-A893-C97B1C5D916B}
		{954A5EC2-0DCB-480F-A232-52E5311FF70A} = {EBDF7496-FB69-448D-A893-C97B1C5D916B}
	EndGlobalSection
	GlobalSection(ExtensibilityGlobals) = postSolution
		SolutionGuid = {2B444DF4-48E4-4CEF-B178-41095DDEE38A}
	EndGlobalSection
EndGlobal
